// !$*UTF8*$!
{
	archiveVersion = 1;
	classes = {
	};
	objectVersion = 56;
	objects = {

/* Begin PBXBuildFile section */
		BF29F89E2BFE70040020C378 /* CoinModel.swift in Sources */ = {isa = PBXBuildFile; fileRef = BF29F89D2BFE70040020C378 /* CoinModel.swift */; };
		BF56596C2C00B05600E5280B /* CoinRowView.swift in Sources */ = {isa = PBXBuildFile; fileRef = BF56596B2C00B05600E5280B /* CoinRowView.swift */; };
		BF56596E2C00B0B200E5280B /* PreviewProvider.swift in Sources */ = {isa = PBXBuildFile; fileRef = BF56596D2C00B0B200E5280B /* PreviewProvider.swift */; };
		BF5659702C00BD3600E5280B /* Double.swift in Sources */ = {isa = PBXBuildFile; fileRef = BF56596F2C00BD3600E5280B /* Double.swift */; };
		BF5659722C01269500E5280B /* HomeViewModel.swift in Sources */ = {isa = PBXBuildFile; fileRef = BF5659712C01269500E5280B /* HomeViewModel.swift */; };
		BF5659752C01386E00E5280B /* CoinDataService.swift in Sources */ = {isa = PBXBuildFile; fileRef = BF5659742C01386E00E5280B /* CoinDataService.swift */; };
		BF5659782C02666700E5280B /* NetworkingManager.swift in Sources */ = {isa = PBXBuildFile; fileRef = BF5659772C02666700E5280B /* NetworkingManager.swift */; };
		BF6500352BEE7FA000082217 /* SwiftUICryptoApp.swift in Sources */ = {isa = PBXBuildFile; fileRef = BF6500342BEE7FA000082217 /* SwiftUICryptoApp.swift */; };
		BF6500372BEE7FA000082217 /* ContentView.swift in Sources */ = {isa = PBXBuildFile; fileRef = BF6500362BEE7FA000082217 /* ContentView.swift */; };
		BF65003C2BEE7FA100082217 /* Preview Assets.xcassets in Resources */ = {isa = PBXBuildFile; fileRef = BF65003B2BEE7FA100082217 /* Preview Assets.xcassets */; };
		BF8270392C0271E400723C71 /* CoinImageView.swift in Sources */ = {isa = PBXBuildFile; fileRef = BF8270382C0271E400723C71 /* CoinImageView.swift */; };
		BF82703B2C027D8700723C71 /* CoinImageViewModel.swift in Sources */ = {isa = PBXBuildFile; fileRef = BF82703A2C027D8700723C71 /* CoinImageViewModel.swift */; };
		BF82703D2C027EAC00723C71 /* CoinImageService.swift in Sources */ = {isa = PBXBuildFile; fileRef = BF82703C2C027EAC00723C71 /* CoinImageService.swift */; };
		BF8270422C03D04000723C71 /* LocalFileManager.swift in Sources */ = {isa = PBXBuildFile; fileRef = BF8270412C03D04000723C71 /* LocalFileManager.swift */; };
		BF8270442C04F5FC00723C71 /* SearchBar.swift in Sources */ = {isa = PBXBuildFile; fileRef = BF8270432C04F5FC00723C71 /* SearchBar.swift */; };
		BF9DBA382C0504520021A188 /* UIApplication.swift in Sources */ = {isa = PBXBuildFile; fileRef = BF9DBA372C0504520021A188 /* UIApplication.swift */; };
		BF9DBA3A2C0605060021A188 /* StatisticsModel.swift in Sources */ = {isa = PBXBuildFile; fileRef = BF9DBA392C0605060021A188 /* StatisticsModel.swift */; };
		BF9DBA3C2C06074B0021A188 /* StatisticView.swift in Sources */ = {isa = PBXBuildFile; fileRef = BF9DBA3B2C06074B0021A188 /* StatisticView.swift */; };
		BF9DBA3E2C060C820021A188 /* HomeStatsView.swift in Sources */ = {isa = PBXBuildFile; fileRef = BF9DBA3D2C060C820021A188 /* HomeStatsView.swift */; };
		BF9DBA402C06467A0021A188 /* MarketDataModel.swift in Sources */ = {isa = PBXBuildFile; fileRef = BF9DBA3F2C06467A0021A188 /* MarketDataModel.swift */; };
		BF9DBA422C064C660021A188 /* MarketDataService.swift in Sources */ = {isa = PBXBuildFile; fileRef = BF9DBA412C064C660021A188 /* MarketDataService.swift */; };
		BF9DBA442C074A0B0021A188 /* EditPortfolioView.swift in Sources */ = {isa = PBXBuildFile; fileRef = BF9DBA432C074A0B0021A188 /* EditPortfolioView.swift */; };
		BF9DBA462C074F140021A188 /* XMarkButton.swift in Sources */ = {isa = PBXBuildFile; fileRef = BF9DBA452C074F140021A188 /* XMarkButton.swift */; };
		BF9DBA482C0756B70021A188 /* CoinLogoView.swift in Sources */ = {isa = PBXBuildFile; fileRef = BF9DBA472C0756B70021A188 /* CoinLogoView.swift */; };
		BFB0021C2BF240FD00C6BD34 /* Assets.xcassets in Resources */ = {isa = PBXBuildFile; fileRef = BFB0021B2BF240FD00C6BD34 /* Assets.xcassets */; };
		BFB0021F2BF2483F00C6BD34 /* Color.swift in Sources */ = {isa = PBXBuildFile; fileRef = BFB0021E2BF2483F00C6BD34 /* Color.swift */; };
		BFB002262BF24C5F00C6BD34 /* HomeView.swift in Sources */ = {isa = PBXBuildFile; fileRef = BFB002252BF24C5F00C6BD34 /* HomeView.swift */; };
		BFB002282BF24D0300C6BD34 /* CircleButtonView.swift in Sources */ = {isa = PBXBuildFile; fileRef = BFB002272BF24D0300C6BD34 /* CircleButtonView.swift */; };
		BFB002442BF26D2200C6BD34 /* CircleButtonAnimation.swift in Sources */ = {isa = PBXBuildFile; fileRef = BFB002432BF26D2200C6BD34 /* CircleButtonAnimation.swift */; };
/* End PBXBuildFile section */

/* Begin PBXFileReference section */
		BF29F89D2BFE70040020C378 /* CoinModel.swift */ = {isa = PBXFileReference; lastKnownFileType = sourcecode.swift; path = CoinModel.swift; sourceTree = "<group>"; };
		BF56596B2C00B05600E5280B /* CoinRowView.swift */ = {isa = PBXFileReference; lastKnownFileType = sourcecode.swift; path = CoinRowView.swift; sourceTree = "<group>"; };
		BF56596D2C00B0B200E5280B /* PreviewProvider.swift */ = {isa = PBXFileReference; lastKnownFileType = sourcecode.swift; path = PreviewProvider.swift; sourceTree = "<group>"; };
		BF56596F2C00BD3600E5280B /* Double.swift */ = {isa = PBXFileReference; lastKnownFileType = sourcecode.swift; path = Double.swift; sourceTree = "<group>"; };
		BF5659712C01269500E5280B /* HomeViewModel.swift */ = {isa = PBXFileReference; lastKnownFileType = sourcecode.swift; path = HomeViewModel.swift; sourceTree = "<group>"; };
		BF5659742C01386E00E5280B /* CoinDataService.swift */ = {isa = PBXFileReference; lastKnownFileType = sourcecode.swift; path = CoinDataService.swift; sourceTree = "<group>"; };
		BF5659772C02666700E5280B /* NetworkingManager.swift */ = {isa = PBXFileReference; lastKnownFileType = sourcecode.swift; path = NetworkingManager.swift; sourceTree = "<group>"; };
		BF6500312BEE7FA000082217 /* SwiftUICrypto.app */ = {isa = PBXFileReference; explicitFileType = wrapper.application; includeInIndex = 0; path = SwiftUICrypto.app; sourceTree = BUILT_PRODUCTS_DIR; };
		BF6500342BEE7FA000082217 /* SwiftUICryptoApp.swift */ = {isa = PBXFileReference; lastKnownFileType = sourcecode.swift; path = SwiftUICryptoApp.swift; sourceTree = "<group>"; };
		BF6500362BEE7FA000082217 /* ContentView.swift */ = {isa = PBXFileReference; lastKnownFileType = sourcecode.swift; path = ContentView.swift; sourceTree = "<group>"; };
		BF65003B2BEE7FA100082217 /* Preview Assets.xcassets */ = {isa = PBXFileReference; lastKnownFileType = folder.assetcatalog; path = "Preview Assets.xcassets"; sourceTree = "<group>"; };
		BF8270382C0271E400723C71 /* CoinImageView.swift */ = {isa = PBXFileReference; lastKnownFileType = sourcecode.swift; path = CoinImageView.swift; sourceTree = "<group>"; };
		BF82703A2C027D8700723C71 /* CoinImageViewModel.swift */ = {isa = PBXFileReference; lastKnownFileType = sourcecode.swift; path = CoinImageViewModel.swift; sourceTree = "<group>"; };
		BF82703C2C027EAC00723C71 /* CoinImageService.swift */ = {isa = PBXFileReference; lastKnownFileType = sourcecode.swift; path = CoinImageService.swift; sourceTree = "<group>"; };
		BF8270412C03D04000723C71 /* LocalFileManager.swift */ = {isa = PBXFileReference; lastKnownFileType = sourcecode.swift; path = LocalFileManager.swift; sourceTree = "<group>"; };
		BF8270432C04F5FC00723C71 /* SearchBar.swift */ = {isa = PBXFileReference; lastKnownFileType = sourcecode.swift; path = SearchBar.swift; sourceTree = "<group>"; };
		BF9DBA372C0504520021A188 /* UIApplication.swift */ = {isa = PBXFileReference; lastKnownFileType = sourcecode.swift; path = UIApplication.swift; sourceTree = "<group>"; };
		BF9DBA392C0605060021A188 /* StatisticsModel.swift */ = {isa = PBXFileReference; lastKnownFileType = sourcecode.swift; path = StatisticsModel.swift; sourceTree = "<group>"; };
		BF9DBA3B2C06074B0021A188 /* StatisticView.swift */ = {isa = PBXFileReference; lastKnownFileType = sourcecode.swift; path = StatisticView.swift; sourceTree = "<group>"; };
		BF9DBA3D2C060C820021A188 /* HomeStatsView.swift */ = {isa = PBXFileReference; lastKnownFileType = sourcecode.swift; path = HomeStatsView.swift; sourceTree = "<group>"; };
		BF9DBA3F2C06467A0021A188 /* MarketDataModel.swift */ = {isa = PBXFileReference; lastKnownFileType = sourcecode.swift; path = MarketDataModel.swift; sourceTree = "<group>"; };
		BF9DBA412C064C660021A188 /* MarketDataService.swift */ = {isa = PBXFileReference; lastKnownFileType = sourcecode.swift; path = MarketDataService.swift; sourceTree = "<group>"; };
		BF9DBA432C074A0B0021A188 /* EditPortfolioView.swift */ = {isa = PBXFileReference; lastKnownFileType = sourcecode.swift; path = EditPortfolioView.swift; sourceTree = "<group>"; };
		BF9DBA452C074F140021A188 /* XMarkButton.swift */ = {isa = PBXFileReference; lastKnownFileType = sourcecode.swift; path = XMarkButton.swift; sourceTree = "<group>"; };
		BF9DBA472C0756B70021A188 /* CoinLogoView.swift */ = {isa = PBXFileReference; lastKnownFileType = sourcecode.swift; path = CoinLogoView.swift; sourceTree = "<group>"; };
		BFB0021B2BF240FD00C6BD34 /* Assets.xcassets */ = {isa = PBXFileReference; lastKnownFileType = folder.assetcatalog; path = Assets.xcassets; sourceTree = "<group>"; };
		BFB0021E2BF2483F00C6BD34 /* Color.swift */ = {isa = PBXFileReference; lastKnownFileType = sourcecode.swift; path = Color.swift; sourceTree = "<group>"; };
		BFB002252BF24C5F00C6BD34 /* HomeView.swift */ = {isa = PBXFileReference; lastKnownFileType = sourcecode.swift; path = HomeView.swift; sourceTree = "<group>"; };
		BFB002272BF24D0300C6BD34 /* CircleButtonView.swift */ = {isa = PBXFileReference; lastKnownFileType = sourcecode.swift; path = CircleButtonView.swift; sourceTree = "<group>"; };
		BFB002432BF26D2200C6BD34 /* CircleButtonAnimation.swift */ = {isa = PBXFileReference; lastKnownFileType = sourcecode.swift; path = CircleButtonAnimation.swift; sourceTree = "<group>"; };
/* End PBXFileReference section */

/* Begin PBXFrameworksBuildPhase section */
		BF65002E2BEE7FA000082217 /* Frameworks */ = {
			isa = PBXFrameworksBuildPhase;
			buildActionMask = 2147483647;
			files = (
			);
			runOnlyForDeploymentPostprocessing = 0;
		};
/* End PBXFrameworksBuildPhase section */

/* Begin PBXGroup section */
		BF29F89C2BFE6FB20020C378 /* Models */ = {
			isa = PBXGroup;
			children = (
				BF29F89D2BFE70040020C378 /* CoinModel.swift */,
				BF9DBA392C0605060021A188 /* StatisticsModel.swift */,
				BF9DBA3F2C06467A0021A188 /* MarketDataModel.swift */,
			);
			path = Models;
			sourceTree = "<group>";
		};
		BF5659732C01381B00E5280B /* Services */ = {
			isa = PBXGroup;
			children = (
				BF5659742C01386E00E5280B /* CoinDataService.swift */,
				BF82703C2C027EAC00723C71 /* CoinImageService.swift */,
				BF9DBA412C064C660021A188 /* MarketDataService.swift */,
			);
			path = Services;
			sourceTree = "<group>";
		};
		BF5659762C02665400E5280B /* Untilities */ = {
			isa = PBXGroup;
			children = (
				BF5659772C02666700E5280B /* NetworkingManager.swift */,
				BF8270412C03D04000723C71 /* LocalFileManager.swift */,
			);
			path = Untilities;
			sourceTree = "<group>";
		};
		BF6500282BEE7FA000082217 = {
			isa = PBXGroup;
			children = (
				BF6500332BEE7FA000082217 /* SwiftUICrypto */,
				BF6500322BEE7FA000082217 /* Products */,
			);
			sourceTree = "<group>";
		};
		BF6500322BEE7FA000082217 /* Products */ = {
			isa = PBXGroup;
			children = (
				BF6500312BEE7FA000082217 /* SwiftUICrypto.app */,
			);
			name = Products;
			sourceTree = "<group>";
		};
		BF6500332BEE7FA000082217 /* SwiftUICrypto */ = {
			isa = PBXGroup;
			children = (
				BF6500362BEE7FA000082217 /* ContentView.swift */,
				BF6500342BEE7FA000082217 /* SwiftUICryptoApp.swift */,
				BF5659762C02665400E5280B /* Untilities */,
				BFB0021D2BF2482A00C6BD34 /* Extensions */,
				BF5659732C01381B00E5280B /* Services */,
				BF29F89C2BFE6FB20020C378 /* Models */,
				BFB002202BF24BEB00C6BD34 /* Core */,
				BFB0021B2BF240FD00C6BD34 /* Assets.xcassets */,
				BF65003A2BEE7FA100082217 /* Preview Content */,
			);
			path = SwiftUICrypto;
			sourceTree = "<group>";
		};
		BF65003A2BEE7FA100082217 /* Preview Content */ = {
			isa = PBXGroup;
			children = (
				BF65003B2BEE7FA100082217 /* Preview Assets.xcassets */,
			);
			path = "Preview Content";
			sourceTree = "<group>";
		};
		BF8270342C0271A900723C71 /* CircleButton */ = {
			isa = PBXGroup;
			children = (
				BFB002272BF24D0300C6BD34 /* CircleButtonView.swift */,
				BFB002432BF26D2200C6BD34 /* CircleButtonAnimation.swift */,
			);
			path = CircleButton;
			sourceTree = "<group>";
		};
		BF8270352C0271B700723C71 /* CoinImage */ = {
			isa = PBXGroup;
			children = (
				BF8270382C0271E400723C71 /* CoinImageView.swift */,
				BF82703A2C027D8700723C71 /* CoinImageViewModel.swift */,
				BF9DBA472C0756B70021A188 /* CoinLogoView.swift */,
			);
			path = CoinImage;
			sourceTree = "<group>";
		};
		BF8270452C04F60500723C71 /* SearchBar */ = {
			isa = PBXGroup;
			children = (
				BF8270432C04F5FC00723C71 /* SearchBar.swift */,
			);
			path = SearchBar;
			sourceTree = "<group>";
		};
		BFB0021D2BF2482A00C6BD34 /* Extensions */ = {
			isa = PBXGroup;
			children = (
				BFB0021E2BF2483F00C6BD34 /* Color.swift */,
				BF56596D2C00B0B200E5280B /* PreviewProvider.swift */,
				BF56596F2C00BD3600E5280B /* Double.swift */,
				BF9DBA372C0504520021A188 /* UIApplication.swift */,
			);
			path = Extensions;
			sourceTree = "<group>";
		};
		BFB002202BF24BEB00C6BD34 /* Core */ = {
			isa = PBXGroup;
			children = (
				BFB002242BF24C4100C6BD34 /* Components */,
				BFB002212BF24BF800C6BD34 /* Home */,
			);
			path = Core;
			sourceTree = "<group>";
		};
		BFB002212BF24BF800C6BD34 /* Home */ = {
			isa = PBXGroup;
			children = (
				BFB002222BF24C1300C6BD34 /* Views */,
				BFB002232BF24C1A00C6BD34 /* ViewModels */,
			);
			path = Home;
			sourceTree = "<group>";
		};
		BFB002222BF24C1300C6BD34 /* Views */ = {
			isa = PBXGroup;
			children = (
				BFB002252BF24C5F00C6BD34 /* HomeView.swift */,
				BF56596B2C00B05600E5280B /* CoinRowView.swift */,
				BF9DBA3D2C060C820021A188 /* HomeStatsView.swift */,
				BF9DBA432C074A0B0021A188 /* EditPortfolioView.swift */,
			);
			path = Views;
			sourceTree = "<group>";
		};
		BFB002232BF24C1A00C6BD34 /* ViewModels */ = {
			isa = PBXGroup;
			children = (
				BF5659712C01269500E5280B /* HomeViewModel.swift */,
			);
			path = ViewModels;
			sourceTree = "<group>";
		};
		BFB002242BF24C4100C6BD34 /* Components */ = {
			isa = PBXGroup;
			children = (
				BF9DBA452C074F140021A188 /* XMarkButton.swift */,
				BF9DBA3B2C06074B0021A188 /* StatisticView.swift */,
				BF8270452C04F60500723C71 /* SearchBar */,
				BF8270352C0271B700723C71 /* CoinImage */,
				BF8270342C0271A900723C71 /* CircleButton */,
			);
			path = Components;
			sourceTree = "<group>";
		};
/* End PBXGroup section */

/* Begin PBXNativeTarget section */
		BF6500302BEE7FA000082217 /* SwiftUICrypto */ = {
			isa = PBXNativeTarget;
			buildConfigurationList = BF65003F2BEE7FA100082217 /* Build configuration list for PBXNativeTarget "SwiftUICrypto" */;
			buildPhases = (
				BF65002D2BEE7FA000082217 /* Sources */,
				BF65002E2BEE7FA000082217 /* Frameworks */,
				BF65002F2BEE7FA000082217 /* Resources */,
			);
			buildRules = (
			);
			dependencies = (
			);
			name = SwiftUICrypto;
			productName = SwiftUICrypto;
			productReference = BF6500312BEE7FA000082217 /* SwiftUICrypto.app */;
			productType = "com.apple.product-type.application";
		};
/* End PBXNativeTarget section */

/* Begin PBXProject section */
		BF6500292BEE7FA000082217 /* Project object */ = {
			isa = PBXProject;
			attributes = {
				BuildIndependentTargetsInParallel = 1;
				LastSwiftUpdateCheck = 1530;
				LastUpgradeCheck = 1530;
				TargetAttributes = {
					BF6500302BEE7FA000082217 = {
						CreatedOnToolsVersion = 15.3;
					};
				};
			};
			buildConfigurationList = BF65002C2BEE7FA000082217 /* Build configuration list for PBXProject "SwiftUICrypto" */;
			compatibilityVersion = "Xcode 14.0";
			developmentRegion = en;
			hasScannedForEncodings = 0;
			knownRegions = (
				en,
				Base,
			);
			mainGroup = BF6500282BEE7FA000082217;
			productRefGroup = BF6500322BEE7FA000082217 /* Products */;
			projectDirPath = "";
			projectRoot = "";
			targets = (
				BF6500302BEE7FA000082217 /* SwiftUICrypto */,
			);
		};
/* End PBXProject section */

/* Begin PBXResourcesBuildPhase section */
		BF65002F2BEE7FA000082217 /* Resources */ = {
			isa = PBXResourcesBuildPhase;
			buildActionMask = 2147483647;
			files = (
				BFB0021C2BF240FD00C6BD34 /* Assets.xcassets in Resources */,
				BF65003C2BEE7FA100082217 /* Preview Assets.xcassets in Resources */,
			);
			runOnlyForDeploymentPostprocessing = 0;
		};
/* End PBXResourcesBuildPhase section */

/* Begin PBXSourcesBuildPhase section */
		BF65002D2BEE7FA000082217 /* Sources */ = {
			isa = PBXSourcesBuildPhase;
			buildActionMask = 2147483647;
			files = (
				BF82703B2C027D8700723C71 /* CoinImageViewModel.swift in Sources */,
				BF5659752C01386E00E5280B /* CoinDataService.swift in Sources */,
				BF56596C2C00B05600E5280B /* CoinRowView.swift in Sources */,
				BF9DBA462C074F140021A188 /* XMarkButton.swift in Sources */,
				BF5659722C01269500E5280B /* HomeViewModel.swift in Sources */,
				BF8270422C03D04000723C71 /* LocalFileManager.swift in Sources */,
				BF8270442C04F5FC00723C71 /* SearchBar.swift in Sources */,
				BF9DBA402C06467A0021A188 /* MarketDataModel.swift in Sources */,
				BFB002282BF24D0300C6BD34 /* CircleButtonView.swift in Sources */,
				BF9DBA3C2C06074B0021A188 /* StatisticView.swift in Sources */,
				BF6500372BEE7FA000082217 /* ContentView.swift in Sources */,
				BF9DBA3A2C0605060021A188 /* StatisticsModel.swift in Sources */,
				BF9DBA382C0504520021A188 /* UIApplication.swift in Sources */,
				BF8270392C0271E400723C71 /* CoinImageView.swift in Sources */,
				BF29F89E2BFE70040020C378 /* CoinModel.swift in Sources */,
				BFB002262BF24C5F00C6BD34 /* HomeView.swift in Sources */,
				BF6500352BEE7FA000082217 /* SwiftUICryptoApp.swift in Sources */,
				BF9DBA482C0756B70021A188 /* CoinLogoView.swift in Sources */,
				BF9DBA3E2C060C820021A188 /* HomeStatsView.swift in Sources */,
				BF9DBA422C064C660021A188 /* MarketDataService.swift in Sources */,
				BF5659782C02666700E5280B /* NetworkingManager.swift in Sources */,
				BFB002442BF26D2200C6BD34 /* CircleButtonAnimation.swift in Sources */,
				BF56596E2C00B0B200E5280B /* PreviewProvider.swift in Sources */,
				BF9DBA442C074A0B0021A188 /* EditPortfolioView.swift in Sources */,
				BF5659702C00BD3600E5280B /* Double.swift in Sources */,
				BF82703D2C027EAC00723C71 /* CoinImageService.swift in Sources */,
				BFB0021F2BF2483F00C6BD34 /* Color.swift in Sources */,
			);
			runOnlyForDeploymentPostprocessing = 0;
		};
/* End PBXSourcesBuildPhase section */

/* Begin XCBuildConfiguration section */
		BF65003D2BEE7FA100082217 /* Debug */ = {
			isa = XCBuildConfiguration;
			buildSettings = {
				ALWAYS_SEARCH_USER_PATHS = NO;
				ASSETCATALOG_COMPILER_GENERATE_SWIFT_ASSET_SYMBOL_EXTENSIONS = YES;
				CLANG_ANALYZER_NONNULL = YES;
				CLANG_ANALYZER_NUMBER_OBJECT_CONVERSION = YES_AGGRESSIVE;
				CLANG_CXX_LANGUAGE_STANDARD = "gnu++20";
				CLANG_ENABLE_MODULES = YES;
				CLANG_ENABLE_OBJC_ARC = YES;
				CLANG_ENABLE_OBJC_WEAK = YES;
				CLANG_WARN_BLOCK_CAPTURE_AUTORELEASING = YES;
				CLANG_WARN_BOOL_CONVERSION = YES;
				CLANG_WARN_COMMA = YES;
				CLANG_WARN_CONSTANT_CONVERSION = YES;
				CLANG_WARN_DEPRECATED_OBJC_IMPLEMENTATIONS = YES;
				CLANG_WARN_DIRECT_OBJC_ISA_USAGE = YES_ERROR;
				CLANG_WARN_DOCUMENTATION_COMMENTS = YES;
				CLANG_WARN_EMPTY_BODY = YES;
				CLANG_WARN_ENUM_CONVERSION = YES;
				CLANG_WARN_INFINITE_RECURSION = YES;
				CLANG_WARN_INT_CONVERSION = YES;
				CLANG_WARN_NON_LITERAL_NULL_CONVERSION = YES;
				CLANG_WARN_OBJC_IMPLICIT_RETAIN_SELF = YES;
				CLANG_WARN_OBJC_LITERAL_CONVERSION = YES;
				CLANG_WARN_OBJC_ROOT_CLASS = YES_ERROR;
				CLANG_WARN_QUOTED_INCLUDE_IN_FRAMEWORK_HEADER = YES;
				CLANG_WARN_RANGE_LOOP_ANALYSIS = YES;
				CLANG_WARN_STRICT_PROTOTYPES = YES;
				CLANG_WARN_SUSPICIOUS_MOVE = YES;
				CLANG_WARN_UNGUARDED_AVAILABILITY = YES_AGGRESSIVE;
				CLANG_WARN_UNREACHABLE_CODE = YES;
				CLANG_WARN__DUPLICATE_METHOD_MATCH = YES;
				COPY_PHASE_STRIP = NO;
				DEBUG_INFORMATION_FORMAT = dwarf;
				ENABLE_STRICT_OBJC_MSGSEND = YES;
				ENABLE_TESTABILITY = YES;
				ENABLE_USER_SCRIPT_SANDBOXING = YES;
				GCC_C_LANGUAGE_STANDARD = gnu17;
				GCC_DYNAMIC_NO_PIC = NO;
				GCC_NO_COMMON_BLOCKS = YES;
				GCC_OPTIMIZATION_LEVEL = 0;
				GCC_PREPROCESSOR_DEFINITIONS = (
					"DEBUG=1",
					"$(inherited)",
				);
				GCC_WARN_64_TO_32_BIT_CONVERSION = YES;
				GCC_WARN_ABOUT_RETURN_TYPE = YES_ERROR;
				GCC_WARN_UNDECLARED_SELECTOR = YES;
				GCC_WARN_UNINITIALIZED_AUTOS = YES_AGGRESSIVE;
				GCC_WARN_UNUSED_FUNCTION = YES;
				GCC_WARN_UNUSED_VARIABLE = YES;
				IPHONEOS_DEPLOYMENT_TARGET = 17.4;
				LOCALIZATION_PREFERS_STRING_CATALOGS = YES;
				MTL_ENABLE_DEBUG_INFO = INCLUDE_SOURCE;
				MTL_FAST_MATH = YES;
				ONLY_ACTIVE_ARCH = YES;
				SDKROOT = iphoneos;
				SWIFT_ACTIVE_COMPILATION_CONDITIONS = "DEBUG $(inherited)";
				SWIFT_OPTIMIZATION_LEVEL = "-Onone";
			};
			name = Debug;
		};
		BF65003E2BEE7FA100082217 /* Release */ = {
			isa = XCBuildConfiguration;
			buildSettings = {
				ALWAYS_SEARCH_USER_PATHS = NO;
				ASSETCATALOG_COMPILER_GENERATE_SWIFT_ASSET_SYMBOL_EXTENSIONS = YES;
				CLANG_ANALYZER_NONNULL = YES;
				CLANG_ANALYZER_NUMBER_OBJECT_CONVERSION = YES_AGGRESSIVE;
				CLANG_CXX_LANGUAGE_STANDARD = "gnu++20";
				CLANG_ENABLE_MODULES = YES;
				CLANG_ENABLE_OBJC_ARC = YES;
				CLANG_ENABLE_OBJC_WEAK = YES;
				CLANG_WARN_BLOCK_CAPTURE_AUTORELEASING = YES;
				CLANG_WARN_BOOL_CONVERSION = YES;
				CLANG_WARN_COMMA = YES;
				CLANG_WARN_CONSTANT_CONVERSION = YES;
				CLANG_WARN_DEPRECATED_OBJC_IMPLEMENTATIONS = YES;
				CLANG_WARN_DIRECT_OBJC_ISA_USAGE = YES_ERROR;
				CLANG_WARN_DOCUMENTATION_COMMENTS = YES;
				CLANG_WARN_EMPTY_BODY = YES;
				CLANG_WARN_ENUM_CONVERSION = YES;
				CLANG_WARN_INFINITE_RECURSION = YES;
				CLANG_WARN_INT_CONVERSION = YES;
				CLANG_WARN_NON_LITERAL_NULL_CONVERSION = YES;
				CLANG_WARN_OBJC_IMPLICIT_RETAIN_SELF = YES;
				CLANG_WARN_OBJC_LITERAL_CONVERSION = YES;
				CLANG_WARN_OBJC_ROOT_CLASS = YES_ERROR;
				CLANG_WARN_QUOTED_INCLUDE_IN_FRAMEWORK_HEADER = YES;
				CLANG_WARN_RANGE_LOOP_ANALYSIS = YES;
				CLANG_WARN_STRICT_PROTOTYPES = YES;
				CLANG_WARN_SUSPICIOUS_MOVE = YES;
				CLANG_WARN_UNGUARDED_AVAILABILITY = YES_AGGRESSIVE;
				CLANG_WARN_UNREACHABLE_CODE = YES;
				CLANG_WARN__DUPLICATE_METHOD_MATCH = YES;
				COPY_PHASE_STRIP = NO;
				DEBUG_INFORMATION_FORMAT = "dwarf-with-dsym";
				ENABLE_NS_ASSERTIONS = NO;
				ENABLE_STRICT_OBJC_MSGSEND = YES;
				ENABLE_USER_SCRIPT_SANDBOXING = YES;
				GCC_C_LANGUAGE_STANDARD = gnu17;
				GCC_NO_COMMON_BLOCKS = YES;
				GCC_WARN_64_TO_32_BIT_CONVERSION = YES;
				GCC_WARN_ABOUT_RETURN_TYPE = YES_ERROR;
				GCC_WARN_UNDECLARED_SELECTOR = YES;
				GCC_WARN_UNINITIALIZED_AUTOS = YES_AGGRESSIVE;
				GCC_WARN_UNUSED_FUNCTION = YES;
				GCC_WARN_UNUSED_VARIABLE = YES;
				IPHONEOS_DEPLOYMENT_TARGET = 17.4;
				LOCALIZATION_PREFERS_STRING_CATALOGS = YES;
				MTL_ENABLE_DEBUG_INFO = NO;
				MTL_FAST_MATH = YES;
				SDKROOT = iphoneos;
				SWIFT_COMPILATION_MODE = wholemodule;
				VALIDATE_PRODUCT = YES;
			};
			name = Release;
		};
		BF6500402BEE7FA100082217 /* Debug */ = {
			isa = XCBuildConfiguration;
			buildSettings = {
				ASSETCATALOG_COMPILER_APPICON_NAME = AppIcon;
				ASSETCATALOG_COMPILER_GLOBAL_ACCENT_COLOR_NAME = AccentColor;
				CODE_SIGN_STYLE = Automatic;
				CURRENT_PROJECT_VERSION = 1;
				DEVELOPMENT_ASSET_PATHS = "\"SwiftUICrypto/Preview Content\"";
				DEVELOPMENT_TEAM = SM437JQVPZ;
				ENABLE_PREVIEWS = YES;
				GENERATE_INFOPLIST_FILE = YES;
				INFOPLIST_KEY_UIApplicationSceneManifest_Generation = YES;
				INFOPLIST_KEY_UIApplicationSupportsIndirectInputEvents = YES;
				INFOPLIST_KEY_UILaunchScreen_Generation = YES;
				INFOPLIST_KEY_UISupportedInterfaceOrientations = UIInterfaceOrientationPortrait;
				LD_RUNPATH_SEARCH_PATHS = (
					"$(inherited)",
					"@executable_path/Frameworks",
				);
				MARKETING_VERSION = 1.0;
				PRODUCT_BUNDLE_IDENTIFIER = com.oguzhanabuhanoglu.SwiftUICrypto;
				PRODUCT_NAME = "$(TARGET_NAME)";
				SWIFT_EMIT_LOC_STRINGS = YES;
				SWIFT_VERSION = 5.0;
				TARGETED_DEVICE_FAMILY = "1,2";
			};
			name = Debug;
		};
		BF6500412BEE7FA100082217 /* Release */ = {
			isa = XCBuildConfiguration;
			buildSettings = {
				ASSETCATALOG_COMPILER_APPICON_NAME = AppIcon;
				ASSETCATALOG_COMPILER_GLOBAL_ACCENT_COLOR_NAME = AccentColor;
				CODE_SIGN_STYLE = Automatic;
				CURRENT_PROJECT_VERSION = 1;
				DEVELOPMENT_ASSET_PATHS = "\"SwiftUICrypto/Preview Content\"";
				DEVELOPMENT_TEAM = SM437JQVPZ;
				ENABLE_PREVIEWS = YES;
				GENERATE_INFOPLIST_FILE = YES;
				INFOPLIST_KEY_UIApplicationSceneManifest_Generation = YES;
				INFOPLIST_KEY_UIApplicationSupportsIndirectInputEvents = YES;
				INFOPLIST_KEY_UILaunchScreen_Generation = YES;
				INFOPLIST_KEY_UISupportedInterfaceOrientations = UIInterfaceOrientationPortrait;
				LD_RUNPATH_SEARCH_PATHS = (
					"$(inherited)",
					"@executable_path/Frameworks",
				);
				MARKETING_VERSION = 1.0;
				PRODUCT_BUNDLE_IDENTIFIER = com.oguzhanabuhanoglu.SwiftUICrypto;
				PRODUCT_NAME = "$(TARGET_NAME)";
				SWIFT_EMIT_LOC_STRINGS = YES;
				SWIFT_VERSION = 5.0;
				TARGETED_DEVICE_FAMILY = "1,2";
			};
			name = Release;
		};
/* End XCBuildConfiguration section */

/* Begin XCConfigurationList section */
		BF65002C2BEE7FA000082217 /* Build configuration list for PBXProject "SwiftUICrypto" */ = {
			isa = XCConfigurationList;
			buildConfigurations = (
				BF65003D2BEE7FA100082217 /* Debug */,
				BF65003E2BEE7FA100082217 /* Release */,
			);
			defaultConfigurationIsVisible = 0;
			defaultConfigurationName = Release;
		};
		BF65003F2BEE7FA100082217 /* Build configuration list for PBXNativeTarget "SwiftUICrypto" */ = {
			isa = XCConfigurationList;
			buildConfigurations = (
				BF6500402BEE7FA100082217 /* Debug */,
				BF6500412BEE7FA100082217 /* Release */,
			);
			defaultConfigurationIsVisible = 0;
			defaultConfigurationName = Release;
		};
/* End XCConfigurationList section */
	};
	rootObject = BF6500292BEE7FA000082217 /* Project object */;
}
